// !$*UTF8*$!
{
	archiveVersion = 1;
	classes = {
	};
	objectVersion = 56;
	objects = {

/* Begin PBXBuildFile section */
		8502E8082AE4589C0045643B /* NewMessageViewModel.swift in Sources */ = {isa = PBXBuildFile; fileRef = 8502E8072AE4589C0045643B /* NewMessageViewModel.swift */; };
		85068DC42AE0559F0014D895 /* ChatMessageCell.swift in Sources */ = {isa = PBXBuildFile; fileRef = 85068DC32AE0559E0014D895 /* ChatMessageCell.swift */; };
		85068DC62AE076EC0014D895 /* ChatBubble.swift in Sources */ = {isa = PBXBuildFile; fileRef = 85068DC52AE076EC0014D895 /* ChatBubble.swift */; };
		850AC0722ADEBF5000707DA8 /* CircularProfileImageView.swift in Sources */ = {isa = PBXBuildFile; fileRef = 850AC0712ADEBF5000707DA8 /* CircularProfileImageView.swift */; };
		850AC0752ADF1C8000707DA8 /* ChatView.swift in Sources */ = {isa = PBXBuildFile; fileRef = 850AC0742ADF1C8000707DA8 /* ChatView.swift */; };
		8532062F2AE4646500F507C4 /* Message.swift in Sources */ = {isa = PBXBuildFile; fileRef = 8532062E2AE4646500F507C4 /* Message.swift */; };
		853206312AE465C700F507C4 /* MessageService.swift in Sources */ = {isa = PBXBuildFile; fileRef = 853206302AE465C700F507C4 /* MessageService.swift */; };
		853206352AE4688E00F507C4 /* ChatViewModel.swift in Sources */ = {isa = PBXBuildFile; fileRef = 853206342AE4688E00F507C4 /* ChatViewModel.swift */; };
		853206382AE481A700F507C4 /* ChatService.swift in Sources */ = {isa = PBXBuildFile; fileRef = 853206372AE481A700F507C4 /* ChatService.swift */; };
		8532063B2AE483AF00F507C4 /* Constants.swift in Sources */ = {isa = PBXBuildFile; fileRef = 8532063A2AE483AF00F507C4 /* Constants.swift */; };
		8532063E2AE4870300F507C4 /* InboxService.swift in Sources */ = {isa = PBXBuildFile; fileRef = 8532063D2AE4870300F507C4 /* InboxService.swift */; };
		853206402AE48F5500F507C4 /* Date.swift in Sources */ = {isa = PBXBuildFile; fileRef = 8532063F2AE48F5500F507C4 /* Date.swift */; };
		853206442AE496EA00F507C4 /* ActiveNowViewModel.swift in Sources */ = {isa = PBXBuildFile; fileRef = 853206432AE496EA00F507C4 /* ActiveNowViewModel.swift */; };
		854FD4922AD4D072005E0811 /* MessengerAppApp.swift in Sources */ = {isa = PBXBuildFile; fileRef = 854FD4912AD4D072005E0811 /* MessengerAppApp.swift */; };
		854FD4942AD4D072005E0811 /* ContentView.swift in Sources */ = {isa = PBXBuildFile; fileRef = 854FD4932AD4D072005E0811 /* ContentView.swift */; };
		854FD4962AD4D074005E0811 /* Assets.xcassets in Resources */ = {isa = PBXBuildFile; fileRef = 854FD4952AD4D074005E0811 /* Assets.xcassets */; };
		854FD4992AD4D074005E0811 /* Preview Assets.xcassets in Resources */ = {isa = PBXBuildFile; fileRef = 854FD4982AD4D074005E0811 /* Preview Assets.xcassets */; };
		854FD4A52AD4D35C005E0811 /* LogginView.swift in Sources */ = {isa = PBXBuildFile; fileRef = 854FD4A42AD4D35C005E0811 /* LogginView.swift */; };
		854FD4A72AD4D36C005E0811 /* CreateAccountView.swift in Sources */ = {isa = PBXBuildFile; fileRef = 854FD4A62AD4D36C005E0811 /* CreateAccountView.swift */; };
		85AA75EE2AE1776A00C1B530 /* GoogleService-Info.plist in Resources */ = {isa = PBXBuildFile; fileRef = 85AA75ED2AE1776A00C1B530 /* GoogleService-Info.plist */; };
		85AA75F12AE1789B00C1B530 /* FirebaseAnalytics in Frameworks */ = {isa = PBXBuildFile; productRef = 85AA75F02AE1789B00C1B530 /* FirebaseAnalytics */; };
		85AA75F32AE1789B00C1B530 /* FirebaseAnalyticsOnDeviceConversion in Frameworks */ = {isa = PBXBuildFile; productRef = 85AA75F22AE1789B00C1B530 /* FirebaseAnalyticsOnDeviceConversion */; };
		85AA75F52AE1789B00C1B530 /* FirebaseAnalyticsSwift in Frameworks */ = {isa = PBXBuildFile; productRef = 85AA75F42AE1789B00C1B530 /* FirebaseAnalyticsSwift */; };
		85AA75F72AE1789B00C1B530 /* FirebaseAnalyticsWithoutAdIdSupport in Frameworks */ = {isa = PBXBuildFile; productRef = 85AA75F62AE1789B00C1B530 /* FirebaseAnalyticsWithoutAdIdSupport */; };
		85AA75F92AE1789B00C1B530 /* FirebaseAppCheck in Frameworks */ = {isa = PBXBuildFile; productRef = 85AA75F82AE1789B00C1B530 /* FirebaseAppCheck */; };
		85AA75FD2AE1AB6100C1B530 /* LoginVIewModel.swift in Sources */ = {isa = PBXBuildFile; fileRef = 85AA75FC2AE1AB6100C1B530 /* LoginVIewModel.swift */; };
		85AA75FF2AE1AB8F00C1B530 /* RegistrationViewModel.swift in Sources */ = {isa = PBXBuildFile; fileRef = 85AA75FE2AE1AB8F00C1B530 /* RegistrationViewModel.swift */; };
		85AA76012AE1ABBE00C1B530 /* AuthService.swift in Sources */ = {isa = PBXBuildFile; fileRef = 85AA76002AE1ABBE00C1B530 /* AuthService.swift */; };
		85AA76032AE1D20900C1B530 /* FirebaseAnalytics in Frameworks */ = {isa = PBXBuildFile; productRef = 85AA76022AE1D20900C1B530 /* FirebaseAnalytics */; };
		85AA76052AE1D20900C1B530 /* FirebaseAnalyticsOnDeviceConversion in Frameworks */ = {isa = PBXBuildFile; productRef = 85AA76042AE1D20900C1B530 /* FirebaseAnalyticsOnDeviceConversion */; };
		85AA76072AE1D20900C1B530 /* FirebaseAnalyticsSwift in Frameworks */ = {isa = PBXBuildFile; productRef = 85AA76062AE1D20900C1B530 /* FirebaseAnalyticsSwift */; };
		85AA76092AE1D20900C1B530 /* FirebaseAnalyticsWithoutAdIdSupport in Frameworks */ = {isa = PBXBuildFile; productRef = 85AA76082AE1D20900C1B530 /* FirebaseAnalyticsWithoutAdIdSupport */; };
		85AA760B2AE1D20900C1B530 /* FirebaseAppCheck in Frameworks */ = {isa = PBXBuildFile; productRef = 85AA760A2AE1D20900C1B530 /* FirebaseAppCheck */; };
		85AA760D2AE1D20900C1B530 /* FirebaseAppDistribution-Beta in Frameworks */ = {isa = PBXBuildFile; productRef = 85AA760C2AE1D20900C1B530 /* FirebaseAppDistribution-Beta */; };
		85AA760F2AE1D20900C1B530 /* FirebaseAuth in Frameworks */ = {isa = PBXBuildFile; productRef = 85AA760E2AE1D20900C1B530 /* FirebaseAuth */; };
		85AA76112AE1D20900C1B530 /* FirebaseAuthCombine-Community in Frameworks */ = {isa = PBXBuildFile; productRef = 85AA76102AE1D20900C1B530 /* FirebaseAuthCombine-Community */; };
		85AA76132AE1D20900C1B530 /* FirebaseCrashlytics in Frameworks */ = {isa = PBXBuildFile; productRef = 85AA76122AE1D20900C1B530 /* FirebaseCrashlytics */; };
		85AA76152AE1D20900C1B530 /* FirebaseDatabase in Frameworks */ = {isa = PBXBuildFile; productRef = 85AA76142AE1D20900C1B530 /* FirebaseDatabase */; };
		85AA76172AE1D20900C1B530 /* FirebaseDatabaseSwift in Frameworks */ = {isa = PBXBuildFile; productRef = 85AA76162AE1D20900C1B530 /* FirebaseDatabaseSwift */; };
		85AA76192AE1D20900C1B530 /* FirebaseDynamicLinks in Frameworks */ = {isa = PBXBuildFile; productRef = 85AA76182AE1D20900C1B530 /* FirebaseDynamicLinks */; };
		85AA761B2AE1D20900C1B530 /* FirebaseFirestore in Frameworks */ = {isa = PBXBuildFile; productRef = 85AA761A2AE1D20900C1B530 /* FirebaseFirestore */; };
		85AA761D2AE1D20900C1B530 /* FirebaseFirestoreCombine-Community in Frameworks */ = {isa = PBXBuildFile; productRef = 85AA761C2AE1D20900C1B530 /* FirebaseFirestoreCombine-Community */; };
		85AA761F2AE1D20900C1B530 /* FirebaseFirestoreSwift in Frameworks */ = {isa = PBXBuildFile; productRef = 85AA761E2AE1D20900C1B530 /* FirebaseFirestoreSwift */; };
		85AA76212AE1D20900C1B530 /* FirebaseFunctions in Frameworks */ = {isa = PBXBuildFile; productRef = 85AA76202AE1D20900C1B530 /* FirebaseFunctions */; };
		85AA76232AE1D20900C1B530 /* FirebaseFunctionsCombine-Community in Frameworks */ = {isa = PBXBuildFile; productRef = 85AA76222AE1D20900C1B530 /* FirebaseFunctionsCombine-Community */; };
		85AA76252AE1D20900C1B530 /* FirebaseInAppMessaging-Beta in Frameworks */ = {isa = PBXBuildFile; productRef = 85AA76242AE1D20900C1B530 /* FirebaseInAppMessaging-Beta */; };
		85AA76272AE1D20900C1B530 /* FirebaseInAppMessagingSwift-Beta in Frameworks */ = {isa = PBXBuildFile; productRef = 85AA76262AE1D20900C1B530 /* FirebaseInAppMessagingSwift-Beta */; };
		85AA76292AE1D20900C1B530 /* FirebaseInstallations in Frameworks */ = {isa = PBXBuildFile; productRef = 85AA76282AE1D20900C1B530 /* FirebaseInstallations */; };
		85AA762B2AE1D20900C1B530 /* FirebaseMLModelDownloader in Frameworks */ = {isa = PBXBuildFile; productRef = 85AA762A2AE1D20900C1B530 /* FirebaseMLModelDownloader */; };
		85AA762D2AE1D20900C1B530 /* FirebaseMessaging in Frameworks */ = {isa = PBXBuildFile; productRef = 85AA762C2AE1D20900C1B530 /* FirebaseMessaging */; };
		85AA762F2AE1D20900C1B530 /* FirebasePerformance in Frameworks */ = {isa = PBXBuildFile; productRef = 85AA762E2AE1D20900C1B530 /* FirebasePerformance */; };
		85AA76312AE1D20900C1B530 /* FirebaseRemoteConfig in Frameworks */ = {isa = PBXBuildFile; productRef = 85AA76302AE1D20900C1B530 /* FirebaseRemoteConfig */; };
		85AA76332AE1D20900C1B530 /* FirebaseRemoteConfigSwift in Frameworks */ = {isa = PBXBuildFile; productRef = 85AA76322AE1D20900C1B530 /* FirebaseRemoteConfigSwift */; };
		85AA76352AE1D20900C1B530 /* FirebaseStorage in Frameworks */ = {isa = PBXBuildFile; productRef = 85AA76342AE1D20900C1B530 /* FirebaseStorage */; };
		85AA76372AE1D20900C1B530 /* FirebaseStorageCombine-Community in Frameworks */ = {isa = PBXBuildFile; productRef = 85AA76362AE1D20900C1B530 /* FirebaseStorageCombine-Community */; };
		85AA763B2AE1D6EB00C1B530 /* ContentViewModel.swift in Sources */ = {isa = PBXBuildFile; fileRef = 85AA763A2AE1D6EB00C1B530 /* ContentViewModel.swift */; };
		85D38A2C2AE31ECB00BB74C4 /* InboxViewModel.swift in Sources */ = {isa = PBXBuildFile; fileRef = 85D38A2B2AE31ECB00BB74C4 /* InboxViewModel.swift */; };
		85DD0CC52AE2D7B1008D6654 /* UserService.swift in Sources */ = {isa = PBXBuildFile; fileRef = 85DD0CC42AE2D7B1008D6654 /* UserService.swift */; };
		85DD4B7A2AD8B10200B3340E /* InboxView.swift in Sources */ = {isa = PBXBuildFile; fileRef = 85DD4B792AD8B10200B3340E /* InboxView.swift */; };
		85DD4B7D2AD8B29D00B3340E /* ActiveNowView.swift in Sources */ = {isa = PBXBuildFile; fileRef = 85DD4B7C2AD8B29D00B3340E /* ActiveNowView.swift */; };
		85DD4B7F2AD8B4CC00B3340E /* InboxRowView.swift in Sources */ = {isa = PBXBuildFile; fileRef = 85DD4B7E2AD8B4CC00B3340E /* InboxRowView.swift */; };
		85E9421D2ADA10DA008ED1DF /* NewMessageView.swift in Sources */ = {isa = PBXBuildFile; fileRef = 85E9421C2ADA10DA008ED1DF /* NewMessageView.swift */; };
		85E942222ADA146E008ED1DF /* ProfileView.swift in Sources */ = {isa = PBXBuildFile; fileRef = 85E942212ADA146E008ED1DF /* ProfileView.swift */; };
		85E942242ADA159D008ED1DF /* SettingsOptionsViewModel.swift in Sources */ = {isa = PBXBuildFile; fileRef = 85E942232ADA159D008ED1DF /* SettingsOptionsViewModel.swift */; };
		85EE8EE62ADE0CD6000D6B22 /* ProfileViewModel.swift in Sources */ = {isa = PBXBuildFile; fileRef = 85EE8EE52ADE0CD6000D6B22 /* ProfileViewModel.swift */; };
		85EE8EE82ADE0FE5000D6B22 /* User.swift in Sources */ = {isa = PBXBuildFile; fileRef = 85EE8EE72ADE0FE5000D6B22 /* User.swift */; };
		85F4B1A22AE49A9300ACF008 /* Route.swift in Sources */ = {isa = PBXBuildFile; fileRef = 85F4B1A12AE49A9300ACF008 /* Route.swift */; };
/* End PBXBuildFile section */

/* Begin PBXFileReference section */
		8502E8072AE4589C0045643B /* NewMessageViewModel.swift */ = {isa = PBXFileReference; lastKnownFileType = sourcecode.swift; path = NewMessageViewModel.swift; sourceTree = "<group>"; };
		85068DC32AE0559E0014D895 /* ChatMessageCell.swift */ = {isa = PBXFileReference; lastKnownFileType = sourcecode.swift; path = ChatMessageCell.swift; sourceTree = "<group>"; };
		85068DC52AE076EC0014D895 /* ChatBubble.swift */ = {isa = PBXFileReference; lastKnownFileType = sourcecode.swift; path = ChatBubble.swift; sourceTree = "<group>"; };
		850AC0712ADEBF5000707DA8 /* CircularProfileImageView.swift */ = {isa = PBXFileReference; lastKnownFileType = sourcecode.swift; path = CircularProfileImageView.swift; sourceTree = "<group>"; };
		850AC0742ADF1C8000707DA8 /* ChatView.swift */ = {isa = PBXFileReference; lastKnownFileType = sourcecode.swift; path = ChatView.swift; sourceTree = "<group>"; };
		8532062E2AE4646500F507C4 /* Message.swift */ = {isa = PBXFileReference; lastKnownFileType = sourcecode.swift; path = Message.swift; sourceTree = "<group>"; };
		853206302AE465C700F507C4 /* MessageService.swift */ = {isa = PBXFileReference; lastKnownFileType = sourcecode.swift; path = MessageService.swift; sourceTree = "<group>"; };
		853206342AE4688E00F507C4 /* ChatViewModel.swift */ = {isa = PBXFileReference; lastKnownFileType = sourcecode.swift; path = ChatViewModel.swift; sourceTree = "<group>"; };
		853206372AE481A700F507C4 /* ChatService.swift */ = {isa = PBXFileReference; lastKnownFileType = sourcecode.swift; path = ChatService.swift; sourceTree = "<group>"; };
		8532063A2AE483AF00F507C4 /* Constants.swift */ = {isa = PBXFileReference; lastKnownFileType = sourcecode.swift; path = Constants.swift; sourceTree = "<group>"; };
		8532063D2AE4870300F507C4 /* InboxService.swift */ = {isa = PBXFileReference; lastKnownFileType = sourcecode.swift; path = InboxService.swift; sourceTree = "<group>"; };
		8532063F2AE48F5500F507C4 /* Date.swift */ = {isa = PBXFileReference; lastKnownFileType = sourcecode.swift; path = Date.swift; sourceTree = "<group>"; };
		853206432AE496EA00F507C4 /* ActiveNowViewModel.swift */ = {isa = PBXFileReference; lastKnownFileType = sourcecode.swift; path = ActiveNowViewModel.swift; sourceTree = "<group>"; };
		854FD48E2AD4D072005E0811 /* MessengerApp.app */ = {isa = PBXFileReference; explicitFileType = wrapper.application; includeInIndex = 0; path = MessengerApp.app; sourceTree = BUILT_PRODUCTS_DIR; };
		854FD4912AD4D072005E0811 /* MessengerAppApp.swift */ = {isa = PBXFileReference; lastKnownFileType = sourcecode.swift; path = MessengerAppApp.swift; sourceTree = "<group>"; };
		854FD4932AD4D072005E0811 /* ContentView.swift */ = {isa = PBXFileReference; lastKnownFileType = sourcecode.swift; path = ContentView.swift; sourceTree = "<group>"; };
		854FD4952AD4D074005E0811 /* Assets.xcassets */ = {isa = PBXFileReference; lastKnownFileType = folder.assetcatalog; path = Assets.xcassets; sourceTree = "<group>"; };
		854FD4982AD4D074005E0811 /* Preview Assets.xcassets */ = {isa = PBXFileReference; lastKnownFileType = folder.assetcatalog; path = "Preview Assets.xcassets"; sourceTree = "<group>"; };
		854FD4A42AD4D35C005E0811 /* LogginView.swift */ = {isa = PBXFileReference; lastKnownFileType = sourcecode.swift; path = LogginView.swift; sourceTree = "<group>"; };
		854FD4A62AD4D36C005E0811 /* CreateAccountView.swift */ = {isa = PBXFileReference; lastKnownFileType = sourcecode.swift; path = CreateAccountView.swift; sourceTree = "<group>"; };
		85AA75ED2AE1776A00C1B530 /* GoogleService-Info.plist */ = {isa = PBXFileReference; fileEncoding = 4; lastKnownFileType = text.plist.xml; path = "GoogleService-Info.plist"; sourceTree = "<group>"; };
		85AA75FC2AE1AB6100C1B530 /* LoginVIewModel.swift */ = {isa = PBXFileReference; lastKnownFileType = sourcecode.swift; path = LoginVIewModel.swift; sourceTree = "<group>"; };
		85AA75FE2AE1AB8F00C1B530 /* RegistrationViewModel.swift */ = {isa = PBXFileReference; lastKnownFileType = sourcecode.swift; path = RegistrationViewModel.swift; sourceTree = "<group>"; };
		85AA76002AE1ABBE00C1B530 /* AuthService.swift */ = {isa = PBXFileReference; lastKnownFileType = sourcecode.swift; path = AuthService.swift; sourceTree = "<group>"; };
		85AA763A2AE1D6EB00C1B530 /* ContentViewModel.swift */ = {isa = PBXFileReference; lastKnownFileType = sourcecode.swift; path = ContentViewModel.swift; sourceTree = "<group>"; };
		85D38A2B2AE31ECB00BB74C4 /* InboxViewModel.swift */ = {isa = PBXFileReference; lastKnownFileType = sourcecode.swift; path = InboxViewModel.swift; sourceTree = "<group>"; };
		85DD0CC42AE2D7B1008D6654 /* UserService.swift */ = {isa = PBXFileReference; lastKnownFileType = sourcecode.swift; path = UserService.swift; sourceTree = "<group>"; };
		85DD4B792AD8B10200B3340E /* InboxView.swift */ = {isa = PBXFileReference; lastKnownFileType = sourcecode.swift; path = InboxView.swift; sourceTree = "<group>"; };
		85DD4B7C2AD8B29D00B3340E /* ActiveNowView.swift */ = {isa = PBXFileReference; lastKnownFileType = sourcecode.swift; path = ActiveNowView.swift; sourceTree = "<group>"; };
		85DD4B7E2AD8B4CC00B3340E /* InboxRowView.swift */ = {isa = PBXFileReference; lastKnownFileType = sourcecode.swift; path = InboxRowView.swift; sourceTree = "<group>"; };
		85E9421C2ADA10DA008ED1DF /* NewMessageView.swift */ = {isa = PBXFileReference; lastKnownFileType = sourcecode.swift; path = NewMessageView.swift; sourceTree = "<group>"; };
		85E942212ADA146E008ED1DF /* ProfileView.swift */ = {isa = PBXFileReference; lastKnownFileType = sourcecode.swift; path = ProfileView.swift; sourceTree = "<group>"; };
		85E942232ADA159D008ED1DF /* SettingsOptionsViewModel.swift */ = {isa = PBXFileReference; lastKnownFileType = sourcecode.swift; path = SettingsOptionsViewModel.swift; sourceTree = "<group>"; };
		85EE8EE52ADE0CD6000D6B22 /* ProfileViewModel.swift */ = {isa = PBXFileReference; lastKnownFileType = sourcecode.swift; path = ProfileViewModel.swift; sourceTree = "<group>"; };
		85EE8EE72ADE0FE5000D6B22 /* User.swift */ = {isa = PBXFileReference; lastKnownFileType = sourcecode.swift; path = User.swift; sourceTree = "<group>"; };
		85F4B1A12AE49A9300ACF008 /* Route.swift */ = {isa = PBXFileReference; lastKnownFileType = sourcecode.swift; path = Route.swift; sourceTree = "<group>"; };
/* End PBXFileReference section */

/* Begin PBXFrameworksBuildPhase section */
		854FD48B2AD4D072005E0811 /* Frameworks */ = {
			isa = PBXFrameworksBuildPhase;
			buildActionMask = 2147483647;
			files = (
				85AA762D2AE1D20900C1B530 /* FirebaseMessaging in Frameworks */,
				85AA761D2AE1D20900C1B530 /* FirebaseFirestoreCombine-Community in Frameworks */,
				85AA76152AE1D20900C1B530 /* FirebaseDatabase in Frameworks */,
				85AA75F52AE1789B00C1B530 /* FirebaseAnalyticsSwift in Frameworks */,
				85AA76352AE1D20900C1B530 /* FirebaseStorage in Frameworks */,
				85AA75F12AE1789B00C1B530 /* FirebaseAnalytics in Frameworks */,
				85AA76032AE1D20900C1B530 /* FirebaseAnalytics in Frameworks */,
				85AA76132AE1D20900C1B530 /* FirebaseCrashlytics in Frameworks */,
				85AA761B2AE1D20900C1B530 /* FirebaseFirestore in Frameworks */,
				85AA76192AE1D20900C1B530 /* FirebaseDynamicLinks in Frameworks */,
				85AA76372AE1D20900C1B530 /* FirebaseStorageCombine-Community in Frameworks */,
				85AA76052AE1D20900C1B530 /* FirebaseAnalyticsOnDeviceConversion in Frameworks */,
				85AA76232AE1D20900C1B530 /* FirebaseFunctionsCombine-Community in Frameworks */,
				85AA76272AE1D20900C1B530 /* FirebaseInAppMessagingSwift-Beta in Frameworks */,
				85AA762B2AE1D20900C1B530 /* FirebaseMLModelDownloader in Frameworks */,
				85AA76252AE1D20900C1B530 /* FirebaseInAppMessaging-Beta in Frameworks */,
				85AA762F2AE1D20900C1B530 /* FirebasePerformance in Frameworks */,
				85AA76112AE1D20900C1B530 /* FirebaseAuthCombine-Community in Frameworks */,
				85AA76072AE1D20900C1B530 /* FirebaseAnalyticsSwift in Frameworks */,
				85AA76172AE1D20900C1B530 /* FirebaseDatabaseSwift in Frameworks */,
				85AA75F32AE1789B00C1B530 /* FirebaseAnalyticsOnDeviceConversion in Frameworks */,
				85AA76312AE1D20900C1B530 /* FirebaseRemoteConfig in Frameworks */,
				85AA75F92AE1789B00C1B530 /* FirebaseAppCheck in Frameworks */,
				85AA760F2AE1D20900C1B530 /* FirebaseAuth in Frameworks */,
				85AA76212AE1D20900C1B530 /* FirebaseFunctions in Frameworks */,
				85AA76292AE1D20900C1B530 /* FirebaseInstallations in Frameworks */,
				85AA761F2AE1D20900C1B530 /* FirebaseFirestoreSwift in Frameworks */,
				85AA76092AE1D20900C1B530 /* FirebaseAnalyticsWithoutAdIdSupport in Frameworks */,
				85AA760B2AE1D20900C1B530 /* FirebaseAppCheck in Frameworks */,
				85AA76332AE1D20900C1B530 /* FirebaseRemoteConfigSwift in Frameworks */,
				85AA760D2AE1D20900C1B530 /* FirebaseAppDistribution-Beta in Frameworks */,
				85AA75F72AE1789B00C1B530 /* FirebaseAnalyticsWithoutAdIdSupport in Frameworks */,
			);
			runOnlyForDeploymentPostprocessing = 0;
		};
/* End PBXFrameworksBuildPhase section */

/* Begin PBXGroup section */
		850AC0702ADEBF2E00707DA8 /* Components */ = {
			isa = PBXGroup;
			children = (
				850AC0712ADEBF5000707DA8 /* CircularProfileImageView.swift */,
			);
			path = Components;
			sourceTree = "<group>";
		};
		850AC0732ADF1C6200707DA8 /* Chat */ = {
			isa = PBXGroup;
			children = (
				853206322AE4685E00F507C4 /* View */,
				853206332AE4686900F507C4 /* ViewModel */,
				853206362AE4819400F507C4 /* Service */,
			);
			path = Chat;
			sourceTree = "<group>";
		};
		853206322AE4685E00F507C4 /* View */ = {
			isa = PBXGroup;
			children = (
				850AC0742ADF1C8000707DA8 /* ChatView.swift */,
				85068DC32AE0559E0014D895 /* ChatMessageCell.swift */,
				85068DC52AE076EC0014D895 /* ChatBubble.swift */,
			);
			path = View;
			sourceTree = "<group>";
		};
		853206332AE4686900F507C4 /* ViewModel */ = {
			isa = PBXGroup;
			children = (
				853206342AE4688E00F507C4 /* ChatViewModel.swift */,
			);
			path = ViewModel;
			sourceTree = "<group>";
		};
		853206362AE4819400F507C4 /* Service */ = {
			isa = PBXGroup;
			children = (
				853206372AE481A700F507C4 /* ChatService.swift */,
			);
			path = Service;
			sourceTree = "<group>";
		};
		853206392AE4839800F507C4 /* Utils */ = {
			isa = PBXGroup;
			children = (
				8532063A2AE483AF00F507C4 /* Constants.swift */,
			);
			path = Utils;
			sourceTree = "<group>";
		};
		8532063C2AE486EF00F507C4 /* Service */ = {
			isa = PBXGroup;
			children = (
				8532063D2AE4870300F507C4 /* InboxService.swift */,
			);
			path = Service;
			sourceTree = "<group>";
		};
		853206412AE496C800F507C4 /* View */ = {
			isa = PBXGroup;
			children = (
				85DD4B7C2AD8B29D00B3340E /* ActiveNowView.swift */,
			);
			path = View;
			sourceTree = "<group>";
		};
		853206422AE496D200F507C4 /* VIewModel */ = {
			isa = PBXGroup;
			children = (
				853206432AE496EA00F507C4 /* ActiveNowViewModel.swift */,
			);
			path = VIewModel;
			sourceTree = "<group>";
		};
		853206452AE499FD00F507C4 /* Rounting */ = {
			isa = PBXGroup;
			children = (
				8532062E2AE4646500F507C4 /* Message.swift */,
				85F4B1A12AE49A9300ACF008 /* Route.swift */,
			);
			path = Rounting;
			sourceTree = "<group>";
		};
		854FD4852AD4D072005E0811 = {
			isa = PBXGroup;
			children = (
				85AA75ED2AE1776A00C1B530 /* GoogleService-Info.plist */,
				854FD4902AD4D072005E0811 /* MessengerApp */,
				854FD48F2AD4D072005E0811 /* Products */,
			);
			sourceTree = "<group>";
		};
		854FD48F2AD4D072005E0811 /* Products */ = {
			isa = PBXGroup;
			children = (
				854FD48E2AD4D072005E0811 /* MessengerApp.app */,
			);
			name = Products;
			sourceTree = "<group>";
		};
		854FD4902AD4D072005E0811 /* MessengerApp */ = {
			isa = PBXGroup;
			children = (
				854FD4A82AD4D803005E0811 /* App */,
				854FD4AA2AD4D81E005E0811 /* Extensions */,
				854FD4AB2AD4D835005E0811 /* Core */,
				854FD4A92AD4D80C005E0811 /* Model */,
				853206452AE499FD00F507C4 /* Rounting */,
				85DD0CC32AE2D79B008D6654 /* Service */,
				853206392AE4839800F507C4 /* Utils */,
				854FD4952AD4D074005E0811 /* Assets.xcassets */,
				854FD4972AD4D074005E0811 /* Preview Content */,
			);
			path = MessengerApp;
			sourceTree = "<group>";
		};
		854FD4972AD4D074005E0811 /* Preview Content */ = {
			isa = PBXGroup;
			children = (
				854FD4982AD4D074005E0811 /* Preview Assets.xcassets */,
			);
			path = "Preview Content";
			sourceTree = "<group>";
		};
		854FD49F2AD4D310005E0811 /* View */ = {
			isa = PBXGroup;
			children = (
				854FD4A42AD4D35C005E0811 /* LogginView.swift */,
				854FD4A62AD4D36C005E0811 /* CreateAccountView.swift */,
			);
			path = View;
			sourceTree = "<group>";
		};
		854FD4A82AD4D803005E0811 /* App */ = {
			isa = PBXGroup;
			children = (
				854FD4912AD4D072005E0811 /* MessengerAppApp.swift */,
			);
			path = App;
			sourceTree = "<group>";
		};
		854FD4A92AD4D80C005E0811 /* Model */ = {
			isa = PBXGroup;
			children = (
				85EE8EE72ADE0FE5000D6B22 /* User.swift */,
			);
			path = Model;
			sourceTree = "<group>";
		};
		854FD4AA2AD4D81E005E0811 /* Extensions */ = {
			isa = PBXGroup;
			children = (
				8532063F2AE48F5500F507C4 /* Date.swift */,
			);
			path = Extensions;
			sourceTree = "<group>";
		};
		854FD4AB2AD4D835005E0811 /* Core */ = {
			isa = PBXGroup;
			children = (
				85DD4B7B2AD8B28000B3340E /* ActiveNow */,
				854FD4AC2AD4D840005E0811 /* Authentication */,
				850AC0732ADF1C6200707DA8 /* Chat */,
				850AC0702ADEBF2E00707DA8 /* Components */,
				85DD4B782AD8B0E800B3340E /* Inbox */,
				8532063C2AE486EF00F507C4 /* Service */,
				85E9421B2ADA10B7008ED1DF /* NewMessage */,
				85E9421E2ADA1442008ED1DF /* Profile */,
				854FD4AD2AD4D853005E0811 /* Root */,
			);
			path = Core;
			sourceTree = "<group>";
		};
		854FD4AC2AD4D840005E0811 /* Authentication */ = {
			isa = PBXGroup;
			children = (
				854FD49F2AD4D310005E0811 /* View */,
				85AA75FB2AE1AB4100C1B530 /* ViewModel */,
				85AA75FA2AE1AB3700C1B530 /* Service */,
			);
			path = Authentication;
			sourceTree = "<group>";
		};
		854FD4AD2AD4D853005E0811 /* Root */ = {
			isa = PBXGroup;
			children = (
				85AA76382AE1D66600C1B530 /* View */,
				85AA76392AE1D66B00C1B530 /* ViewModel */,
			);
			path = Root;
			sourceTree = "<group>";
		};
		85AA75FA2AE1AB3700C1B530 /* Service */ = {
			isa = PBXGroup;
			children = (
				85AA76002AE1ABBE00C1B530 /* AuthService.swift */,
			);
			path = Service;
			sourceTree = "<group>";
		};
		85AA75FB2AE1AB4100C1B530 /* ViewModel */ = {
			isa = PBXGroup;
			children = (
				85AA75FC2AE1AB6100C1B530 /* LoginVIewModel.swift */,
				85AA75FE2AE1AB8F00C1B530 /* RegistrationViewModel.swift */,
			);
			path = ViewModel;
			sourceTree = "<group>";
		};
		85AA76382AE1D66600C1B530 /* View */ = {
			isa = PBXGroup;
			children = (
				854FD4932AD4D072005E0811 /* ContentView.swift */,
			);
			path = View;
			sourceTree = "<group>";
		};
		85AA76392AE1D66B00C1B530 /* ViewModel */ = {
			isa = PBXGroup;
			children = (
				85AA763A2AE1D6EB00C1B530 /* ContentViewModel.swift */,
			);
			path = ViewModel;
			sourceTree = "<group>";
		};
		85B155872AE457E9003C3980 /* View */ = {
			isa = PBXGroup;
			children = (
				85E9421C2ADA10DA008ED1DF /* NewMessageView.swift */,
			);
			path = View;
			sourceTree = "<group>";
		};
		85B155882AE457EF003C3980 /* ViewModel */ = {
			isa = PBXGroup;
			children = (
				8502E8072AE4589C0045643B /* NewMessageViewModel.swift */,
			);
			path = ViewModel;
			sourceTree = "<group>";
		};
		85D38A292AE31E9E00BB74C4 /* View */ = {
			isa = PBXGroup;
			children = (
				85DD4B792AD8B10200B3340E /* InboxView.swift */,
				85DD4B7E2AD8B4CC00B3340E /* InboxRowView.swift */,
			);
			path = View;
			sourceTree = "<group>";
		};
		85D38A2A2AE31EA500BB74C4 /* ViewModel */ = {
			isa = PBXGroup;
			children = (
				85D38A2B2AE31ECB00BB74C4 /* InboxViewModel.swift */,
			);
			path = ViewModel;
			sourceTree = "<group>";
		};
		85DD0CC32AE2D79B008D6654 /* Service */ = {
			isa = PBXGroup;
			children = (
				85DD0CC42AE2D7B1008D6654 /* UserService.swift */,
				853206302AE465C700F507C4 /* MessageService.swift */,
			);
			path = Service;
			sourceTree = "<group>";
		};
		85DD4B782AD8B0E800B3340E /* Inbox */ = {
			isa = PBXGroup;
			children = (
				85D38A292AE31E9E00BB74C4 /* View */,
				85D38A2A2AE31EA500BB74C4 /* ViewModel */,
			);
			path = Inbox;
			sourceTree = "<group>";
		};
		85DD4B7B2AD8B28000B3340E /* ActiveNow */ = {
			isa = PBXGroup;
			children = (
				853206412AE496C800F507C4 /* View */,
				853206422AE496D200F507C4 /* VIewModel */,
			);
			path = ActiveNow;
			sourceTree = "<group>";
		};
		85E9421B2ADA10B7008ED1DF /* NewMessage */ = {
			isa = PBXGroup;
			children = (
				85B155872AE457E9003C3980 /* View */,
				85B155882AE457EF003C3980 /* ViewModel */,
			);
			path = NewMessage;
			sourceTree = "<group>";
		};
		85E9421E2ADA1442008ED1DF /* Profile */ = {
			isa = PBXGroup;
			children = (
				85E942202ADA145F008ED1DF /* View */,
				85E9421F2ADA1456008ED1DF /* ViewModel */,
			);
			path = Profile;
			sourceTree = "<group>";
		};
		85E9421F2ADA1456008ED1DF /* ViewModel */ = {
			isa = PBXGroup;
			children = (
				85E942232ADA159D008ED1DF /* SettingsOptionsViewModel.swift */,
				85EE8EE52ADE0CD6000D6B22 /* ProfileViewModel.swift */,
			);
			path = ViewModel;
			sourceTree = "<group>";
		};
		85E942202ADA145F008ED1DF /* View */ = {
			isa = PBXGroup;
			children = (
				85E942212ADA146E008ED1DF /* ProfileView.swift */,
			);
			path = View;
			sourceTree = "<group>";
		};
/* End PBXGroup section */

/* Begin PBXNativeTarget section */
		854FD48D2AD4D072005E0811 /* MessengerApp */ = {
			isa = PBXNativeTarget;
			buildConfigurationList = 854FD49C2AD4D074005E0811 /* Build configuration list for PBXNativeTarget "MessengerApp" */;
			buildPhases = (
				854FD48A2AD4D072005E0811 /* Sources */,
				854FD48B2AD4D072005E0811 /* Frameworks */,
				854FD48C2AD4D072005E0811 /* Resources */,
			);
			buildRules = (
			);
			dependencies = (
			);
			name = MessengerApp;
			packageProductDependencies = (
				85AA75F02AE1789B00C1B530 /* FirebaseAnalytics */,
				85AA75F22AE1789B00C1B530 /* FirebaseAnalyticsOnDeviceConversion */,
				85AA75F42AE1789B00C1B530 /* FirebaseAnalyticsSwift */,
				85AA75F62AE1789B00C1B530 /* FirebaseAnalyticsWithoutAdIdSupport */,
				85AA75F82AE1789B00C1B530 /* FirebaseAppCheck */,
				85AA76022AE1D20900C1B530 /* FirebaseAnalytics */,
				85AA76042AE1D20900C1B530 /* FirebaseAnalyticsOnDeviceConversion */,
				85AA76062AE1D20900C1B530 /* FirebaseAnalyticsSwift */,
				85AA76082AE1D20900C1B530 /* FirebaseAnalyticsWithoutAdIdSupport */,
				85AA760A2AE1D20900C1B530 /* FirebaseAppCheck */,
				85AA760C2AE1D20900C1B530 /* FirebaseAppDistribution-Beta */,
				85AA760E2AE1D20900C1B530 /* FirebaseAuth */,
				85AA76102AE1D20900C1B530 /* FirebaseAuthCombine-Community */,
				85AA76122AE1D20900C1B530 /* FirebaseCrashlytics */,
				85AA76142AE1D20900C1B530 /* FirebaseDatabase */,
				85AA76162AE1D20900C1B530 /* FirebaseDatabaseSwift */,
				85AA76182AE1D20900C1B530 /* FirebaseDynamicLinks */,
				85AA761A2AE1D20900C1B530 /* FirebaseFirestore */,
				85AA761C2AE1D20900C1B530 /* FirebaseFirestoreCombine-Community */,
				85AA761E2AE1D20900C1B530 /* FirebaseFirestoreSwift */,
				85AA76202AE1D20900C1B530 /* FirebaseFunctions */,
				85AA76222AE1D20900C1B530 /* FirebaseFunctionsCombine-Community */,
				85AA76242AE1D20900C1B530 /* FirebaseInAppMessaging-Beta */,
				85AA76262AE1D20900C1B530 /* FirebaseInAppMessagingSwift-Beta */,
				85AA76282AE1D20900C1B530 /* FirebaseInstallations */,
				85AA762A2AE1D20900C1B530 /* FirebaseMLModelDownloader */,
				85AA762C2AE1D20900C1B530 /* FirebaseMessaging */,
				85AA762E2AE1D20900C1B530 /* FirebasePerformance */,
				85AA76302AE1D20900C1B530 /* FirebaseRemoteConfig */,
				85AA76322AE1D20900C1B530 /* FirebaseRemoteConfigSwift */,
				85AA76342AE1D20900C1B530 /* FirebaseStorage */,
				85AA76362AE1D20900C1B530 /* FirebaseStorageCombine-Community */,
			);
			productName = MessengerApp;
			productReference = 854FD48E2AD4D072005E0811 /* MessengerApp.app */;
			productType = "com.apple.product-type.application";
		};
/* End PBXNativeTarget section */

/* Begin PBXProject section */
		854FD4862AD4D072005E0811 /* Project object */ = {
			isa = PBXProject;
			attributes = {
				BuildIndependentTargetsInParallel = 1;
				LastSwiftUpdateCheck = 1500;
				LastUpgradeCheck = 1500;
				TargetAttributes = {
					854FD48D2AD4D072005E0811 = {
						CreatedOnToolsVersion = 15.0;
					};
				};
			};
			buildConfigurationList = 854FD4892AD4D072005E0811 /* Build configuration list for PBXProject "MessengerApp" */;
			compatibilityVersion = "Xcode 14.0";
			developmentRegion = en;
			hasScannedForEncodings = 0;
			knownRegions = (
				en,
				Base,
			);
			mainGroup = 854FD4852AD4D072005E0811;
			packageReferences = (
				85AA75EF2AE1789B00C1B530 /* XCRemoteSwiftPackageReference "firebase-ios-sdk" */,
			);
			productRefGroup = 854FD48F2AD4D072005E0811 /* Products */;
			projectDirPath = "";
			projectRoot = "";
			targets = (
				854FD48D2AD4D072005E0811 /* MessengerApp */,
			);
		};
/* End PBXProject section */

/* Begin PBXResourcesBuildPhase section */
		854FD48C2AD4D072005E0811 /* Resources */ = {
			isa = PBXResourcesBuildPhase;
			buildActionMask = 2147483647;
			files = (
				854FD4992AD4D074005E0811 /* Preview Assets.xcassets in Resources */,
				854FD4962AD4D074005E0811 /* Assets.xcassets in Resources */,
				85AA75EE2AE1776A00C1B530 /* GoogleService-Info.plist in Resources */,
			);
			runOnlyForDeploymentPostprocessing = 0;
		};
/* End PBXResourcesBuildPhase section */

/* Begin PBXSourcesBuildPhase section */
		854FD48A2AD4D072005E0811 /* Sources */ = {
			isa = PBXSourcesBuildPhase;
			buildActionMask = 2147483647;
			files = (
				853206352AE4688E00F507C4 /* ChatViewModel.swift in Sources */,
				853206402AE48F5500F507C4 /* Date.swift in Sources */,
				85DD4B7F2AD8B4CC00B3340E /* InboxRowView.swift in Sources */,
				85D38A2C2AE31ECB00BB74C4 /* InboxViewModel.swift in Sources */,
				85AA75FF2AE1AB8F00C1B530 /* RegistrationViewModel.swift in Sources */,
				85E942222ADA146E008ED1DF /* ProfileView.swift in Sources */,
				85E9421D2ADA10DA008ED1DF /* NewMessageView.swift in Sources */,
				85AA763B2AE1D6EB00C1B530 /* ContentViewModel.swift in Sources */,
				854FD4942AD4D072005E0811 /* ContentView.swift in Sources */,
				850AC0752ADF1C8000707DA8 /* ChatView.swift in Sources */,
				85AA76012AE1ABBE00C1B530 /* AuthService.swift in Sources */,
				854FD4922AD4D072005E0811 /* MessengerAppApp.swift in Sources */,
				8532063E2AE4870300F507C4 /* InboxService.swift in Sources */,
				8532063B2AE483AF00F507C4 /* Constants.swift in Sources */,
				85AA75FD2AE1AB6100C1B530 /* LoginVIewModel.swift in Sources */,
				85068DC42AE0559F0014D895 /* ChatMessageCell.swift in Sources */,
				85068DC62AE076EC0014D895 /* ChatBubble.swift in Sources */,
				853206382AE481A700F507C4 /* ChatService.swift in Sources */,
				850AC0722ADEBF5000707DA8 /* CircularProfileImageView.swift in Sources */,
				85DD4B7A2AD8B10200B3340E /* InboxView.swift in Sources */,
				8502E8082AE4589C0045643B /* NewMessageViewModel.swift in Sources */,
				85F4B1A22AE49A9300ACF008 /* Route.swift in Sources */,
				85DD0CC52AE2D7B1008D6654 /* UserService.swift in Sources */,
				85DD4B7D2AD8B29D00B3340E /* ActiveNowView.swift in Sources */,
				85EE8EE62ADE0CD6000D6B22 /* ProfileViewModel.swift in Sources */,
				85EE8EE82ADE0FE5000D6B22 /* User.swift in Sources */,
				853206312AE465C700F507C4 /* MessageService.swift in Sources */,
				854FD4A72AD4D36C005E0811 /* CreateAccountView.swift in Sources */,
				853206442AE496EA00F507C4 /* ActiveNowViewModel.swift in Sources */,
				8532062F2AE4646500F507C4 /* Message.swift in Sources */,
				85E942242ADA159D008ED1DF /* SettingsOptionsViewModel.swift in Sources */,
				854FD4A52AD4D35C005E0811 /* LogginView.swift in Sources */,
			);
			runOnlyForDeploymentPostprocessing = 0;
		};
/* End PBXSourcesBuildPhase section */

/* Begin XCBuildConfiguration section */
		854FD49A2AD4D074005E0811 /* Debug */ = {
			isa = XCBuildConfiguration;
			buildSettings = {
				ALWAYS_SEARCH_USER_PATHS = NO;
				ASSETCATALOG_COMPILER_GENERATE_SWIFT_ASSET_SYMBOL_EXTENSIONS = YES;
				CLANG_ANALYZER_NONNULL = YES;
				CLANG_ANALYZER_NUMBER_OBJECT_CONVERSION = YES_AGGRESSIVE;
				CLANG_CXX_LANGUAGE_STANDARD = "gnu++20";
				CLANG_ENABLE_MODULES = YES;
				CLANG_ENABLE_OBJC_ARC = YES;
				CLANG_ENABLE_OBJC_WEAK = YES;
				CLANG_WARN_BLOCK_CAPTURE_AUTORELEASING = YES;
				CLANG_WARN_BOOL_CONVERSION = YES;
				CLANG_WARN_COMMA = YES;
				CLANG_WARN_CONSTANT_CONVERSION = YES;
				CLANG_WARN_DEPRECATED_OBJC_IMPLEMENTATIONS = YES;
				CLANG_WARN_DIRECT_OBJC_ISA_USAGE = YES_ERROR;
				CLANG_WARN_DOCUMENTATION_COMMENTS = YES;
				CLANG_WARN_EMPTY_BODY = YES;
				CLANG_WARN_ENUM_CONVERSION = YES;
				CLANG_WARN_INFINITE_RECURSION = YES;
				CLANG_WARN_INT_CONVERSION = YES;
				CLANG_WARN_NON_LITERAL_NULL_CONVERSION = YES;
				CLANG_WARN_OBJC_IMPLICIT_RETAIN_SELF = YES;
				CLANG_WARN_OBJC_LITERAL_CONVERSION = YES;
				CLANG_WARN_OBJC_ROOT_CLASS = YES_ERROR;
				CLANG_WARN_QUOTED_INCLUDE_IN_FRAMEWORK_HEADER = YES;
				CLANG_WARN_RANGE_LOOP_ANALYSIS = YES;
				CLANG_WARN_STRICT_PROTOTYPES = YES;
				CLANG_WARN_SUSPICIOUS_MOVE = YES;
				CLANG_WARN_UNGUARDED_AVAILABILITY = YES_AGGRESSIVE;
				CLANG_WARN_UNREACHABLE_CODE = YES;
				CLANG_WARN__DUPLICATE_METHOD_MATCH = YES;
				COPY_PHASE_STRIP = NO;
				DEBUG_INFORMATION_FORMAT = dwarf;
				ENABLE_STRICT_OBJC_MSGSEND = YES;
				ENABLE_TESTABILITY = YES;
				ENABLE_USER_SCRIPT_SANDBOXING = YES;
				GCC_C_LANGUAGE_STANDARD = gnu17;
				GCC_DYNAMIC_NO_PIC = NO;
				GCC_NO_COMMON_BLOCKS = YES;
				GCC_OPTIMIZATION_LEVEL = 0;
				GCC_PREPROCESSOR_DEFINITIONS = (
					"DEBUG=1",
					"$(inherited)",
				);
				GCC_WARN_64_TO_32_BIT_CONVERSION = YES;
				GCC_WARN_ABOUT_RETURN_TYPE = YES_ERROR;
				GCC_WARN_UNDECLARED_SELECTOR = YES;
				GCC_WARN_UNINITIALIZED_AUTOS = YES_AGGRESSIVE;
				GCC_WARN_UNUSED_FUNCTION = YES;
				GCC_WARN_UNUSED_VARIABLE = YES;
				IPHONEOS_DEPLOYMENT_TARGET = 16.0;
				LOCALIZATION_PREFERS_STRING_CATALOGS = YES;
				MTL_ENABLE_DEBUG_INFO = INCLUDE_SOURCE;
				MTL_FAST_MATH = YES;
				ONLY_ACTIVE_ARCH = YES;
				SDKROOT = iphoneos;
				SWIFT_ACTIVE_COMPILATION_CONDITIONS = "DEBUG $(inherited)";
				SWIFT_OPTIMIZATION_LEVEL = "-Onone";
			};
			name = Debug;
		};
		854FD49B2AD4D074005E0811 /* Release */ = {
			isa = XCBuildConfiguration;
			buildSettings = {
				ALWAYS_SEARCH_USER_PATHS = NO;
				ASSETCATALOG_COMPILER_GENERATE_SWIFT_ASSET_SYMBOL_EXTENSIONS = YES;
				CLANG_ANALYZER_NONNULL = YES;
				CLANG_ANALYZER_NUMBER_OBJECT_CONVERSION = YES_AGGRESSIVE;
				CLANG_CXX_LANGUAGE_STANDARD = "gnu++20";
				CLANG_ENABLE_MODULES = YES;
				CLANG_ENABLE_OBJC_ARC = YES;
				CLANG_ENABLE_OBJC_WEAK = YES;
				CLANG_WARN_BLOCK_CAPTURE_AUTORELEASING = YES;
				CLANG_WARN_BOOL_CONVERSION = YES;
				CLANG_WARN_COMMA = YES;
				CLANG_WARN_CONSTANT_CONVERSION = YES;
				CLANG_WARN_DEPRECATED_OBJC_IMPLEMENTATIONS = YES;
				CLANG_WARN_DIRECT_OBJC_ISA_USAGE = YES_ERROR;
				CLANG_WARN_DOCUMENTATION_COMMENTS = YES;
				CLANG_WARN_EMPTY_BODY = YES;
				CLANG_WARN_ENUM_CONVERSION = YES;
				CLANG_WARN_INFINITE_RECURSION = YES;
				CLANG_WARN_INT_CONVERSION = YES;
				CLANG_WARN_NON_LITERAL_NULL_CONVERSION = YES;
				CLANG_WARN_OBJC_IMPLICIT_RETAIN_SELF = YES;
				CLANG_WARN_OBJC_LITERAL_CONVERSION = YES;
				CLANG_WARN_OBJC_ROOT_CLASS = YES_ERROR;
				CLANG_WARN_QUOTED_INCLUDE_IN_FRAMEWORK_HEADER = YES;
				CLANG_WARN_RANGE_LOOP_ANALYSIS = YES;
				CLANG_WARN_STRICT_PROTOTYPES = YES;
				CLANG_WARN_SUSPICIOUS_MOVE = YES;
				CLANG_WARN_UNGUARDED_AVAILABILITY = YES_AGGRESSIVE;
				CLANG_WARN_UNREACHABLE_CODE = YES;
				CLANG_WARN__DUPLICATE_METHOD_MATCH = YES;
				COPY_PHASE_STRIP = NO;
				DEBUG_INFORMATION_FORMAT = "dwarf-with-dsym";
				ENABLE_NS_ASSERTIONS = NO;
				ENABLE_STRICT_OBJC_MSGSEND = YES;
				ENABLE_USER_SCRIPT_SANDBOXING = YES;
				GCC_C_LANGUAGE_STANDARD = gnu17;
				GCC_NO_COMMON_BLOCKS = YES;
				GCC_WARN_64_TO_32_BIT_CONVERSION = YES;
				GCC_WARN_ABOUT_RETURN_TYPE = YES_ERROR;
				GCC_WARN_UNDECLARED_SELECTOR = YES;
				GCC_WARN_UNINITIALIZED_AUTOS = YES_AGGRESSIVE;
				GCC_WARN_UNUSED_FUNCTION = YES;
				GCC_WARN_UNUSED_VARIABLE = YES;
				IPHONEOS_DEPLOYMENT_TARGET = 16.0;
				LOCALIZATION_PREFERS_STRING_CATALOGS = YES;
				MTL_ENABLE_DEBUG_INFO = NO;
				MTL_FAST_MATH = YES;
				SDKROOT = iphoneos;
				SWIFT_COMPILATION_MODE = wholemodule;
				VALIDATE_PRODUCT = YES;
			};
			name = Release;
		};
		854FD49D2AD4D074005E0811 /* Debug */ = {
			isa = XCBuildConfiguration;
			buildSettings = {
				ASSETCATALOG_COMPILER_APPICON_NAME = AppIcon;
				ASSETCATALOG_COMPILER_GLOBAL_ACCENT_COLOR_NAME = AccentColor;
				CODE_SIGN_STYLE = Automatic;
				CURRENT_PROJECT_VERSION = 1;
				DEVELOPMENT_ASSET_PATHS = "\"MessengerApp/Preview Content\"";
				DEVELOPMENT_TEAM = AAPQZTBMV7;
				ENABLE_PREVIEWS = YES;
				GENERATE_INFOPLIST_FILE = YES;
				INFOPLIST_KEY_UIApplicationSceneManifest_Generation = YES;
				INFOPLIST_KEY_UIApplicationSupportsIndirectInputEvents = YES;
				INFOPLIST_KEY_UILaunchScreen_Generation = YES;
				INFOPLIST_KEY_UISupportedInterfaceOrientations_iPad = "UIInterfaceOrientationPortrait UIInterfaceOrientationPortraitUpsideDown UIInterfaceOrientationLandscapeLeft UIInterfaceOrientationLandscapeRight";
				INFOPLIST_KEY_UISupportedInterfaceOrientations_iPhone = "UIInterfaceOrientationPortrait UIInterfaceOrientationLandscapeLeft UIInterfaceOrientationLandscapeRight";
				LD_RUNPATH_SEARCH_PATHS = (
					"$(inherited)",
					"@executable_path/Frameworks",
				);
				MARKETING_VERSION = 1.0;
				PRODUCT_BUNDLE_IDENTIFIER = orlandomoraesmartins.MessengerApp;
				PRODUCT_NAME = "$(TARGET_NAME)";
				SWIFT_EMIT_LOC_STRINGS = YES;
				SWIFT_VERSION = 5.0;
				TARGETED_DEVICE_FAMILY = "1,2";
			};
			name = Debug;
		};
		854FD49E2AD4D074005E0811 /* Release */ = {
			isa = XCBuildConfiguration;
			buildSettings = {
				ASSETCATALOG_COMPILER_APPICON_NAME = AppIcon;
				ASSETCATALOG_COMPILER_GLOBAL_ACCENT_COLOR_NAME = AccentColor;
				CODE_SIGN_STYLE = Automatic;
				CURRENT_PROJECT_VERSION = 1;
				DEVELOPMENT_ASSET_PATHS = "\"MessengerApp/Preview Content\"";
				DEVELOPMENT_TEAM = AAPQZTBMV7;
				ENABLE_PREVIEWS = YES;
				GENERATE_INFOPLIST_FILE = YES;
				INFOPLIST_KEY_UIApplicationSceneManifest_Generation = YES;
				INFOPLIST_KEY_UIApplicationSupportsIndirectInputEvents = YES;
				INFOPLIST_KEY_UILaunchScreen_Generation = YES;
				INFOPLIST_KEY_UISupportedInterfaceOrientations_iPad = "UIInterfaceOrientationPortrait UIInterfaceOrientationPortraitUpsideDown UIInterfaceOrientationLandscapeLeft UIInterfaceOrientationLandscapeRight";
				INFOPLIST_KEY_UISupportedInterfaceOrientations_iPhone = "UIInterfaceOrientationPortrait UIInterfaceOrientationLandscapeLeft UIInterfaceOrientationLandscapeRight";
				LD_RUNPATH_SEARCH_PATHS = (
					"$(inherited)",
					"@executable_path/Frameworks",
				);
				MARKETING_VERSION = 1.0;
				PRODUCT_BUNDLE_IDENTIFIER = orlandomoraesmartins.MessengerApp;
				PRODUCT_NAME = "$(TARGET_NAME)";
				SWIFT_EMIT_LOC_STRINGS = YES;
				SWIFT_VERSION = 5.0;
				TARGETED_DEVICE_FAMILY = "1,2";
			};
			name = Release;
		};
/* End XCBuildConfiguration section */

/* Begin XCConfigurationList section */
		854FD4892AD4D072005E0811 /* Build configuration list for PBXProject "MessengerApp" */ = {
			isa = XCConfigurationList;
			buildConfigurations = (
				854FD49A2AD4D074005E0811 /* Debug */,
				854FD49B2AD4D074005E0811 /* Release */,
			);
			defaultConfigurationIsVisible = 0;
			defaultConfigurationName = Release;
		};
		854FD49C2AD4D074005E0811 /* Build configuration list for PBXNativeTarget "MessengerApp" */ = {
			isa = XCConfigurationList;
			buildConfigurations = (
				854FD49D2AD4D074005E0811 /* Debug */,
				854FD49E2AD4D074005E0811 /* Release */,
			);
			defaultConfigurationIsVisible = 0;
			defaultConfigurationName = Release;
		};
/* End XCConfigurationList section */

/* Begin XCRemoteSwiftPackageReference section */
		85AA75EF2AE1789B00C1B530 /* XCRemoteSwiftPackageReference "firebase-ios-sdk" */ = {
			isa = XCRemoteSwiftPackageReference;
			repositoryURL = "https://github.com/firebase/firebase-ios-sdk";
			requirement = {
				kind = upToNextMajorVersion;
				minimumVersion = 10.16.0;
			};
		};
/* End XCRemoteSwiftPackageReference section */

/* Begin XCSwiftPackageProductDependency section */
		85AA75F02AE1789B00C1B530 /* FirebaseAnalytics */ = {
			isa = XCSwiftPackageProductDependency;
			package = 85AA75EF2AE1789B00C1B530 /* XCRemoteSwiftPackageReference "firebase-ios-sdk" */;
			productName = FirebaseAnalytics;
		};
		85AA75F22AE1789B00C1B530 /* FirebaseAnalyticsOnDeviceConversion */ = {
			isa = XCSwiftPackageProductDependency;
			package = 85AA75EF2AE1789B00C1B530 /* XCRemoteSwiftPackageReference "firebase-ios-sdk" */;
			productName = FirebaseAnalyticsOnDeviceConversion;
		};
		85AA75F42AE1789B00C1B530 /* FirebaseAnalyticsSwift */ = {
			isa = XCSwiftPackageProductDependency;
			package = 85AA75EF2AE1789B00C1B530 /* XCRemoteSwiftPackageReference "firebase-ios-sdk" */;
			productName = FirebaseAnalyticsSwift;
		};
		85AA75F62AE1789B00C1B530 /* FirebaseAnalyticsWithoutAdIdSupport */ = {
			isa = XCSwiftPackageProductDependency;
			package = 85AA75EF2AE1789B00C1B530 /* XCRemoteSwiftPackageReference "firebase-ios-sdk" */;
			productName = FirebaseAnalyticsWithoutAdIdSupport;
		};
		85AA75F82AE1789B00C1B530 /* FirebaseAppCheck */ = {
			isa = XCSwiftPackageProductDependency;
			package = 85AA75EF2AE1789B00C1B530 /* XCRemoteSwiftPackageReference "firebase-ios-sdk" */;
			productName = FirebaseAppCheck;
		};
		85AA76022AE1D20900C1B530 /* FirebaseAnalytics */ = {
			isa = XCSwiftPackageProductDependency;
			package = 85AA75EF2AE1789B00C1B530 /* XCRemoteSwiftPackageReference "firebase-ios-sdk" */;
			productName = FirebaseAnalytics;
		};
		85AA76042AE1D20900C1B530 /* FirebaseAnalyticsOnDeviceConversion */ = {
			isa = XCSwiftPackageProductDependency;
			package = 85AA75EF2AE1789B00C1B530 /* XCRemoteSwiftPackageReference "firebase-ios-sdk" */;
			productName = FirebaseAnalyticsOnDeviceConversion;
		};
		85AA76062AE1D20900C1B530 /* FirebaseAnalyticsSwift */ = {
			isa = XCSwiftPackageProductDependency;
			package = 85AA75EF2AE1789B00C1B530 /* XCRemoteSwiftPackageReference "firebase-ios-sdk" */;
			productName = FirebaseAnalyticsSwift;
		};
		85AA76082AE1D20900C1B530 /* FirebaseAnalyticsWithoutAdIdSupport */ = {
			isa = XCSwiftPackageProductDependency;
			package = 85AA75EF2AE1789B00C1B530 /* XCRemoteSwiftPackageReference "firebase-ios-sdk" */;
			productName = FirebaseAnalyticsWithoutAdIdSupport;
		};
		85AA760A2AE1D20900C1B530 /* FirebaseAppCheck */ = {
			isa = XCSwiftPackageProductDependency;
			package = 85AA75EF2AE1789B00C1B530 /* XCRemoteSwiftPackageReference "firebase-ios-sdk" */;
			productName = FirebaseAppCheck;
		};
		85AA760C2AE1D20900C1B530 /* FirebaseAppDistribution-Beta */ = {
			isa = XCSwiftPackageProductDependency;
			package = 85AA75EF2AE1789B00C1B530 /* XCRemoteSwiftPackageReference "firebase-ios-sdk" */;
			productName = "FirebaseAppDistribution-Beta";
		};
		85AA760E2AE1D20900C1B530 /* FirebaseAuth */ = {
			isa = XCSwiftPackageProductDependency;
			package = 85AA75EF2AE1789B00C1B530 /* XCRemoteSwiftPackageReference "firebase-ios-sdk" */;
			productName = FirebaseAuth;
		};
		85AA76102AE1D20900C1B530 /* FirebaseAuthCombine-Community */ = {
			isa = XCSwiftPackageProductDependency;
			package = 85AA75EF2AE1789B00C1B530 /* XCRemoteSwiftPackageReference "firebase-ios-sdk" */;
			productName = "FirebaseAuthCombine-Community";
		};
		85AA76122AE1D20900C1B530 /* FirebaseCrashlytics */ = {
			isa = XCSwiftPackageProductDependency;
			package = 85AA75EF2AE1789B00C1B530 /* XCRemoteSwiftPackageReference "firebase-ios-sdk" */;
			productName = FirebaseCrashlytics;
		};
		85AA76142AE1D20900C1B530 /* FirebaseDatabase */ = {
			isa = XCSwiftPackageProductDependency;
			package = 85AA75EF2AE1789B00C1B530 /* XCRemoteSwiftPackageReference "firebase-ios-sdk" */;
			productName = FirebaseDatabase;
		};
		85AA76162AE1D20900C1B530 /* FirebaseDatabaseSwift */ = {
			isa = XCSwiftPackageProductDependency;
			package = 85AA75EF2AE1789B00C1B530 /* XCRemoteSwiftPackageReference "firebase-ios-sdk" */;
			productName = FirebaseDatabaseSwift;
		};
		85AA76182AE1D20900C1B530 /* FirebaseDynamicLinks */ = {
			isa = XCSwiftPackageProductDependency;
			package = 85AA75EF2AE1789B00C1B530 /* XCRemoteSwiftPackageReference "firebase-ios-sdk" */;
			productName = FirebaseDynamicLinks;
		};
		85AA761A2AE1D20900C1B530 /* FirebaseFirestore */ = {
			isa = XCSwiftPackageProductDependency;
			package = 85AA75EF2AE1789B00C1B530 /* XCRemoteSwiftPackageReference "firebase-ios-sdk" */;
			productName = FirebaseFirestore;
		};
		85AA761C2AE1D20900C1B530 /* FirebaseFirestoreCombine-Community */ = {
			isa = XCSwiftPackageProductDependency;
			package = 85AA75EF2AE1789B00C1B530 /* XCRemoteSwiftPackageReference "firebase-ios-sdk" */;
			productName = "FirebaseFirestoreCombine-Community";
		};
		85AA761E2AE1D20900C1B530 /* FirebaseFirestoreSwift */ = {
			isa = XCSwiftPackageProductDependency;
			package = 85AA75EF2AE1789B00C1B530 /* XCRemoteSwiftPackageReference "firebase-ios-sdk" */;
			productName = FirebaseFirestoreSwift;
		};
		85AA76202AE1D20900C1B530 /* FirebaseFunctions */ = {
			isa = XCSwiftPackageProductDependency;
			package = 85AA75EF2AE1789B00C1B530 /* XCRemoteSwiftPackageReference "firebase-ios-sdk" */;
			productName = FirebaseFunctions;
		};
		85AA76222AE1D20900C1B530 /* FirebaseFunctionsCombine-Community */ = {
			isa = XCSwiftPackageProductDependency;
			package = 85AA75EF2AE1789B00C1B530 /* XCRemoteSwiftPackageReference "firebase-ios-sdk" */;
			productName = "FirebaseFunctionsCombine-Community";
		};
		85AA76242AE1D20900C1B530 /* FirebaseInAppMessaging-Beta */ = {
			isa = XCSwiftPackageProductDependency;
			package = 85AA75EF2AE1789B00C1B530 /* XCRemoteSwiftPackageReference "firebase-ios-sdk" */;
			productName = "FirebaseInAppMessaging-Beta";
		};
		85AA76262AE1D20900C1B530 /* FirebaseInAppMessagingSwift-Beta */ = {
			isa = XCSwiftPackageProductDependency;
			package = 85AA75EF2AE1789B00C1B530 /* XCRemoteSwiftPackageReference "firebase-ios-sdk" */;
			productName = "FirebaseInAppMessagingSwift-Beta";
		};
		85AA76282AE1D20900C1B530 /* FirebaseInstallations */ = {
			isa = XCSwiftPackageProductDependency;
			package = 85AA75EF2AE1789B00C1B530 /* XCRemoteSwiftPackageReference "firebase-ios-sdk" */;
			productName = FirebaseInstallations;
		};
		85AA762A2AE1D20900C1B530 /* FirebaseMLModelDownloader */ = {
			isa = XCSwiftPackageProductDependency;
			package = 85AA75EF2AE1789B00C1B530 /* XCRemoteSwiftPackageReference "firebase-ios-sdk" */;
			productName = FirebaseMLModelDownloader;
		};
		85AA762C2AE1D20900C1B530 /* FirebaseMessaging */ = {
			isa = XCSwiftPackageProductDependency;
			package = 85AA75EF2AE1789B00C1B530 /* XCRemoteSwiftPackageReference "firebase-ios-sdk" */;
			productName = FirebaseMessaging;
		};
		85AA762E2AE1D20900C1B530 /* FirebasePerformance */ = {
			isa = XCSwiftPackageProductDependency;
			package = 85AA75EF2AE1789B00C1B530 /* XCRemoteSwiftPackageReference "firebase-ios-sdk" */;
			productName = FirebasePerformance;
		};
		85AA76302AE1D20900C1B530 /* FirebaseRemoteConfig */ = {
			isa = XCSwiftPackageProductDependency;
			package = 85AA75EF2AE1789B00C1B530 /* XCRemoteSwiftPackageReference "firebase-ios-sdk" */;
			productName = FirebaseRemoteConfig;
		};
		85AA76322AE1D20900C1B530 /* FirebaseRemoteConfigSwift */ = {
			isa = XCSwiftPackageProductDependency;
			package = 85AA75EF2AE1789B00C1B530 /* XCRemoteSwiftPackageReference "firebase-ios-sdk" */;
			productName = FirebaseRemoteConfigSwift;
		};
		85AA76342AE1D20900C1B530 /* FirebaseStorage */ = {
			isa = XCSwiftPackageProductDependency;
			package = 85AA75EF2AE1789B00C1B530 /* XCRemoteSwiftPackageReference "firebase-ios-sdk" */;
			productName = FirebaseStorage;
		};
		85AA76362AE1D20900C1B530 /* FirebaseStorageCombine-Community */ = {
			isa = XCSwiftPackageProductDependency;
			package = 85AA75EF2AE1789B00C1B530 /* XCRemoteSwiftPackageReference "firebase-ios-sdk" */;
			productName = "FirebaseStorageCombine-Community";
		};
/* End XCSwiftPackageProductDependency section */
	};
	rootObject = 854FD4862AD4D072005E0811 /* Project object */;
}
